// !$*UTF8*$!
{
	archiveVersion = 1;
	classes = {
	};
	objectVersion = 46;
	objects = {

/* Begin PBXBuildFile section */
		97907CAD1EB1748A00A12841 /* AppDelegate.swift in Sources */ = {isa = PBXBuildFile; fileRef = 97907CAC1EB1748A00A12841 /* AppDelegate.swift */; };
		97907CAF1EB1748A00A12841 /* ViewController.swift in Sources */ = {isa = PBXBuildFile; fileRef = 97907CAE1EB1748A00A12841 /* ViewController.swift */; };
		97907CB21EB1748A00A12841 /* Main.storyboard in Resources */ = {isa = PBXBuildFile; fileRef = 97907CB01EB1748A00A12841 /* Main.storyboard */; };
		97907CB41EB1748A00A12841 /* Assets.xcassets in Resources */ = {isa = PBXBuildFile; fileRef = 97907CB31EB1748A00A12841 /* Assets.xcassets */; };
		97907CB71EB1748A00A12841 /* LaunchScreen.storyboard in Resources */ = {isa = PBXBuildFile; fileRef = 97907CB51EB1748A00A12841 /* LaunchScreen.storyboard */; };
/* End PBXBuildFile section */

/* Begin PBXFileReference section */
		97907CA91EB1748A00A12841 /* MiraclePills.app */ = {isa = PBXFileReference; explicitFileType = wrapper.application; includeInIndex = 0; path = MiraclePills.app; sourceTree = BUILT_PRODUCTS_DIR; };
		97907CAC1EB1748A00A12841 /* AppDelegate.swift */ = {isa = PBXFileReference; lastKnownFileType = sourcecode.swift; path = AppDelegate.swift; sourceTree = "<group>"; };
		97907CAE1EB1748A00A12841 /* ViewController.swift */ = {isa = PBXFileReference; lastKnownFileType = sourcecode.swift; path = ViewController.swift; sourceTree = "<group>"; };
		97907CB11EB1748A00A12841 /* Base */ = {isa = PBXFileReference; lastKnownFileType = file.storyboard; name = Base; path = Base.lproj/Main.storyboard; sourceTree = "<group>"; };
		97907CB31EB1748A00A12841 /* Assets.xcassets */ = {isa = PBXFileReference; lastKnownFileType = folder.assetcatalog; path = Assets.xcassets; sourceTree = "<group>"; };
		97907CB61EB1748A00A12841 /* Base */ = {isa = PBXFileReference; lastKnownFileType = file.storyboard; name = Base; path = Base.lproj/LaunchScreen.storyboard; sourceTree = "<group>"; };
		97907CB81EB1748A00A12841 /* Info.plist */ = {isa = PBXFileReference; lastKnownFileType = text.plist.xml; path = Info.plist; sourceTree = "<group>"; };
/* End PBXFileReference section */

/* Begin PBXFrameworksBuildPhase section */
		97907CA61EB1748A00A12841 /* Frameworks */ = {
			isa = PBXFrameworksBuildPhase;
			buildActionMask = 2147483647;
			files = (
			);
			runOnlyForDeploymentPostprocessing = 0;
		};
/* End PBXFrameworksBuildPhase section */

/* Begin PBXGroup section */
		97907CA01EB1748A00A12841 = {
			isa = PBXGroup;
			children = (
				97907CAB1EB1748A00A12841 /* MiraclePills */,
				97907CAA1EB1748A00A12841 /* Products */,
			);
			sourceTree = "<group>";
		};
		97907CAA1EB1748A00A12841 /* Products */ = {
			isa = PBXGroup;
			children = (
				97907CA91EB1748A00A12841 /* MiraclePills.app */,
			);
			name = Products;
			sourceTree = "<group>";
		};
		97907CAB1EB1748A00A12841 /* MiraclePills */ = {
			isa = PBXGroup;
			children = (
				97907CAC1EB1748A00A12841 /* AppDelegate.swift */,
				97907CAE1EB1748A00A12841 /* ViewController.swift */,
				97907CB01EB1748A00A12841 /* Main.storyboard */,
				97907CB31EB1748A00A12841 /* Assets.xcassets */,
				97907CB51EB1748A00A12841 /* LaunchScreen.storyboard */,
				97907CB81EB1748A00A12841 /* Info.plist */,
			);
			path = MiraclePills;
			sourceTree = "<group>";
		};
/* End PBXGroup section */

/* Begin PBXNativeTarget section */
		97907CA81EB1748A00A12841 /* MiraclePills */ = {
			isa = PBXNativeTarget;
			buildConfigurationList = 97907CBB1EB1748A00A12841 /* Build configuration list for PBXNativeTarget "MiraclePills" */;
			buildPhases = (
				97907CA51EB1748A00A12841 /* Sources */,
				97907CA61EB1748A00A12841 /* Frameworks */,
				97907CA71EB1748A00A12841 /* Resources */,
			);
			buildRules = (
			);
			dependencies = (
			);
			name = MiraclePills;
			productName = MiraclePills;
			productReference = 97907CA91EB1748A00A12841 /* MiraclePills.app */;
			productType = "com.apple.product-type.application";
		};
/* End PBXNativeTarget section */

/* Begin PBXProject section */
		97907CA11EB1748A00A12841 /* Project object */ = {
			isa = PBXProject;
			attributes = {
				LastSwiftUpdateCheck = 0830;
				LastUpgradeCheck = 0830;
				ORGANIZATIONNAME = "Yazid Halim";
				TargetAttributes = {
					97907CA81EB1748A00A12841 = {
						CreatedOnToolsVersion = 8.3.2;
						ProvisioningStyle = Automatic;
					};
				};
			};
			buildConfigurationList = 97907CA41EB1748A00A12841 /* Build configuration list for PBXProject "MiraclePills" */;
			compatibilityVersion = "Xcode 3.2";
			developmentRegion = English;
			hasScannedForEncodings = 0;
			knownRegions = (
				en,
				Base,
			);
			mainGroup = 97907CA01EB1748A00A12841;
			productRefGroup = 97907CAA1EB1748A00A12841 /* Products */;
			projectDirPath = "";
			projectRoot = "";
			targets = (
				97907CA81EB1748A00A12841 /* MiraclePills */,
			);
		};
/* End PBXProject section */

/* Begin PBXResourcesBuildPhase section */
		97907CA71EB1748A00A12841 /* Resources */ = {
			isa = PBXResourcesBuildPhase;
			buildActionMask = 2147483647;
			files = (
				97907CB71EB1748A00A12841 /* LaunchScreen.storyboard in Resources */,
				97907CB41EB1748A00A12841 /* Assets.xcassets in Resources */,
				97907CB21EB1748A00A12841 /* Main.storyboard in Resources */,
			);
			runOnlyForDeploymentPostprocessing = 0;
		};
/* End PBXResourcesBuildPhase section */

/* Begin PBXSourcesBuildPhase section */
		97907CA51EB1748A00A12841 /* Sources */ = {
			isa = PBXSourcesBuildPhase;
			buildActionMask = 2147483647;
			files = (
				97907CAF1EB1748A00A12841 /* ViewController.swift in Sources */,
				97907CAD1EB1748A00A12841 /* AppDelegate.swift in Sources */,
			);
			runOnlyForDeploymentPostprocessing = 0;
		};
/* End PBXSourcesBuildPhase section */

/* Begin PBXVariantGroup section */
		97907CB01EB1748A00A12841 /* Main.storyboard */ = {
			isa = PBXVariantGroup;
			children = (
				97907CB11EB1748A00A12841 /* Base */,
			);
			name = Main.storyboard;
			sourceTree = "<group>";
		};
		97907CB51EB1748A00A12841 /* LaunchScreen.storyboard */ = {
			isa = PBXVariantGroup;
			children = (
				97907CB61EB1748A00A12841 /* Base */,
			);
			name = LaunchScreen.storyboard;
			sourceTree = "<group>";
		};
/* End PBXVariantGroup section */

/* Begin XCBuildConfiguration section */
		97907CB91EB1748A00A12841 /* Debug */ = {
			isa = XCBuildConfiguration;
			buildSettings = {
				ALWAYS_SEARCH_USER_PATHS = NO;
				CLANG_ANALYZER_NONNULL = YES;
				CLANG_ANALYZER_NUMBER_OBJECT_CONVERSION = YES_AGGRESSIVE;
				CLANG_CXX_LANGUAGE_STANDARD = "gnu++0x";
				CLANG_CXX_LIBRARY = "libc++";
				CLANG_ENABLE_MODULES = YES;
				CLANG_ENABLE_OBJC_ARC = YES;
				CLANG_WARN_BOOL_CONVERSION = YES;
				CLANG_WARN_CONSTANT_CONVERSION = YES;
				CLANG_WARN_DIRECT_OBJC_ISA_USAGE = YES_ERROR;
				CLANG_WARN_DOCUMENTATION_COMMENTS = YES;
				CLANG_WARN_EMPTY_BODY = YES;
				CLANG_WARN_ENUM_CONVERSION = YES;
				CLANG_WARN_INFINITE_RECURSION = YES;
				CLANG_WARN_INT_CONVERSION = YES;
				CLANG_WARN_OBJC_ROOT_CLASS = YES_ERROR;
				CLANG_WARN_SUSPICIOUS_MOVE = YES;
				CLANG_WARN_UNREACHABLE_CODE = YES;
				CLANG_WARN__DUPLICATE_METHOD_MATCH = YES;
				"CODE_SIGN_IDENTITY[sdk=iphoneos*]" = "iPhone Developer";
				COPY_PHASE_STRIP = NO;
				DEBUG_INFORMATION_FORMAT = dwarf;
				ENABLE_STRICT_OBJC_MSGSEND = YES;
				ENABLE_TESTABILITY = YES;
				GCC_C_LANGUAGE_STANDARD = gnu99;
				GCC_DYNAMIC_NO_PIC = NO;
				GCC_NO_COMMON_BLOCKS = YES;
				GCC_OPTIMIZATION_LEVEL = 0;
				GCC_PREPROCESSOR_DEFINITIONS = (
					"DEBUG=1",
					"$(inherited)",
				);
				GCC_WARN_64_TO_32_BIT_CONVERSION = YES;
				GCC_WARN_ABOUT_RETURN_TYPE = YES_ERROR;
				GCC_WARN_UNDECLARED_SELECTOR = YES;
				GCC_WARN_UNINITIALIZED_AUTOS = YES_AGGRESSIVE;
				GCC_WARN_UNUSED_FUNCTION = YES;
				GCC_WARN_UNUSED_VARIABLE = YES;
				IPHONEOS_DEPLOYMENT_TARGET = 10.3;
				MTL_ENABLE_DEBUG_INFO = YES;
				ONLY_ACTIVE_ARCH = YES;
				SDKROOT = iphoneos;
				SWIFT_ACTIVE_COMPILATION_CONDITIONS = DEBUG;
				SWIFT_OPTIMIZATION_LEVEL = "-Onone";
				TARGETED_DEVICE_FAMILY = "1,2";
			};
			name = Debug;
		};
		97907CBA1EB1748A00A12841 /* Release */ = {
			isa = XCBuildConfiguration;
			buildSettings = {
				ALWAYS_SEARCH_USER_PATHS = NO;
				CLANG_ANALYZER_NONNULL = YES;
				CLANG_ANALYZER_NUMBER_OBJECT_CONVERSION = YES_AGGRESSIVE;
				CLANG_CXX_LANGUAGE_STANDARD = "gnu++0x";
				CLANG_CXX_LIBRARY = "libc++";
				CLANG_ENABLE_MODULES = YES;
				CLANG_ENABLE_OBJC_ARC = YES;
				CLANG_WARN_BOOL_CONVERSION = YES;
				CLANG_WARN_CONSTANT_CONVERSION = YES;
				CLANG_WARN_DIRECT_OBJC_ISA_USAGE = YES_ERROR;
				CLANG_WARN_DOCUMENTATION_COMMENTS = YES;
				CLANG_WARN_EMPTY_BODY = YES;
				CLANG_WARN_ENUM_CONVERSION = YES;
				CLANG_WARN_INFINITE_RECURSION = YES;
				CLANG_WARN_INT_CONVERSION = YES;
				CLANG_WARN_OBJC_ROOT_CLASS = YES_ERROR;
				CLANG_WARN_SUSPICIOUS_MOVE = YES;
				CLANG_WARN_UNREACHABLE_CODE = YES;
				CLANG_WARN__DUPLICATE_METHOD_MATCH = YES;
				"CODE_SIGN_IDENTITY[sdk=iphoneos*]" = "iPhone Developer";
				COPY_PHASE_STRIP = NO;
				DEBUG_INFORMATION_FORMAT = "dwarf-with-dsym";
				ENABLE_NS_ASSERTIONS = NO;
				ENABLE_STRICT_OBJC_MSGSEND = YES;
				GCC_C_LANGUAGE_STANDARD = gnu99;
				GCC_NO_COMMON_BLOCKS = YES;
				GCC_WARN_64_TO_32_BIT_CONVERSION = YES;
				GCC_WARN_ABOUT_RETURN_TYPE = YES_ERROR;
				GCC_WARN_UNDECLARED_SELECTOR = YES;
				GCC_WARN_UNINITIALIZED_AUTOS = YES_AGGRESSIVE;
				GCC_WARN_UNUSED_FUNCTION = YES;
				GCC_WARN_UNUSED_VARIABLE = YES;
				IPHONEOS_DEPLOYMENT_TARGET = 10.3;
				MTL_ENABLE_DEBUG_INFO = NO;
				SDKROOT = iphoneos;
				SWIFT_OPTIMIZATION_LEVEL = "-Owholemodule";
				TARGETED_DEVICE_FAMILY = "1,2";
				VALIDATE_PRODUCT = YES;
			};
			name = Release;
		};
		97907CBC1EB1748A00A12841 /* Debug */ = {
			isa = XCBuildConfiguration;
			buildSettings = {
				ASSETCATALOG_COMPILER_APPICON_NAME = AppIcon;
				INFOPLIST_FILE = MiraclePills/Info.plist;
				LD_RUNPATH_SEARCH_PATHS = "$(inherited) @executable_path/Frameworks";
				PRODUCT_BUNDLE_IDENTIFIER = Yazid.MiraclePills;
				PRODUCT_NAME = "$(TARGET_NAME)";
				SWIFT_VERSION = 3.0;
			};
			name = Debug;
		};
		97907CBD1EB1748A00A12841 /* Release */ = {
			isa = XCBuildConfiguration;
			buildSettings = {
				ASSETCATALOG_COMPILER_APPICON_NAME = AppIcon;
				INFOPLIST_FILE = MiraclePills/Info.plist;
				LD_RUNPATH_SEARCH_PATHS = "$(inherited) @executable_path/Frameworks";
				PRODUCT_BUNDLE_IDENTIFIER = Yazid.MiraclePills;
				PRODUCT_NAME = "$(TARGET_NAME)";
				SWIFT_VERSION = 3.0;
			};
			name = Release;
		};
/* End XCBuildConfiguration section */

/* Begin XCConfigurationList section */
		97907CA41EB1748A00A12841 /* Build configuration list for PBXProject "MiraclePills" */ = {
			isa = XCConfigurationList;
			buildConfigurations = (
				97907CB91EB1748A00A12841 /* Debug */,
				97907CBA1EB1748A00A12841 /* Release */,
			);
			defaultConfigurationIsVisible = 0;
			defaultConfigurationName = Release;
		};
		97907CBB1EB1748A00A12841 /* Build configuration list for PBXNativeTarget "MiraclePills" */ = {
			isa = XCConfigurationList;
			buildConfigurations = (
				97907CBC1EB1748A00A12841 /* Debug */,
				97907CBD1EB1748A00A12841 /* Release */,
			);
			defaultConfigurationIsVisible = 0;
		};
/* End XCConfigurationList section */
	};
	rootObject = 97907CA11EB1748A00A12841 /* Project object */;
}
